{
  "requires": true,
  "lockfileVersion": 1,
  "dependencies": {
    "@project-serum/anchor-cli": {
      "version": "0.24.2",
      "resolved": "https://registry.npmjs.org/@project-serum/anchor-cli/-/anchor-cli-0.24.2.tgz",
      "integrity": "sha512-3D+fB3n/PAmY5AF2P+zxNvV2ZKx6YLoDlqHXqFa7wGqxVZfTo4WM2O7ChJjU2WIxS/WoTt6qXnehbuGUJ1JXig=="
    }
  }
}
